
Microsoft Visual Studio Solution File, Format Version 12.00
# Visual Studio Version 16
VisualStudioVersion = 16.0.31829.152
MinimumVisualStudioVersion = 10.0.40219.1
Project("{9A19103F-16F7-4668-BE54-9A1E7A4F7556}") = "Eutherion.Common", "Eutherion.Common\Eutherion.Common.csproj", "{0CD9C050-31B3-4E14-97DF-58ABFF0D984D}"
EndProject
Project("{9A19103F-16F7-4668-BE54-9A1E7A4F7556}") = "Eutherion.Utilities", "Eutherion.Utilities\Eutherion.Utilities.csproj", "{A718D660-7CFF-4874-89FC-C83CB39CF544}"
EndProject
Project("{9A19103F-16F7-4668-BE54-9A1E7A4F7556}") = "Eutherion.UIActions", "Eutherion.UIActions\Eutherion.UIActions.csproj", "{6D9243D9-8524-4EB1-BDA8-2C3F66B72C07}"
EndProject
Project("{9A19103F-16F7-4668-BE54-9A1E7A4F7556}") = "Eutherion.Text.Json", "Eutherion.Text.Json\Eutherion.Text.Json.csproj", "{256A739E-BB0F-4FB6-9220-E86226DA59C6}"
EndProject
Project("{FAE04EC0-301F-11D3-BF4B-00C04F79EFBC}") = "Eutherion.Example472", "Eutherion.Example472\Eutherion.Example472.csproj", "{12694B67-6AC5-4ADD-A3AC-0E71D0B0AF2F}"
EndProject
Project("{9A19103F-16F7-4668-BE54-9A1E7A4F7556}") = "Eutherion.Tests", "Eutherion.Tests\Eutherion.Tests.csproj", "{5A7630EB-9B9E-4A52-A283-E33193B2249A}"
EndProject
Project("{FAE04EC0-301F-11D3-BF4B-00C04F79EFBC}") = "Benchmarks", "Benchmarks\Benchmarks.csproj", "{4858615A-BE4F-4096-A041-66989E3528B3}"
EndProject
Project("{2150E333-8FDC-42A3-9474-1A3956D46DE8}") = "Solution Items", "Solution Items", "{45918D21-DDA8-44DD-8468-2CF78EEEE480}"
	ProjectSection(SolutionItems) = preProject
		Directory.Build.props = Directory.Build.props
		Directory.Build.targets = Directory.Build.targets
		LICENSE = LICENSE
		README.md = README.md
	EndProjectSection
EndProject
Global
	GlobalSection(SolutionConfigurationPlatforms) = preSolution
		Debug|Any CPU = Debug|Any CPU
		Release|Any CPU = Release|Any CPU
	EndGlobalSection
	GlobalSection(ProjectConfigurationPlatforms) = postSolution
		{0CD9C050-31B3-4E14-97DF-58ABFF0D984D}.Debug|Any CPU.ActiveCfg = Debug|Any CPU
		{0CD9C050-31B3-4E14-97DF-58ABFF0D984D}.Debug|Any CPU.Build.0 = Debug|Any CPU
		{0CD9C050-31B3-4E14-97DF-58ABFF0D984D}.Release|Any CPU.ActiveCfg = Release|Any CPU
		{0CD9C050-31B3-4E14-97DF-58ABFF0D984D}.Release|Any CPU.Build.0 = Release|Any CPU
		{A718D660-7CFF-4874-89FC-C83CB39CF544}.Debug|Any CPU.ActiveCfg = Debug|Any CPU
		{A718D660-7CFF-4874-89FC-C83CB39CF544}.Debug|Any CPU.Build.0 = Debug|Any CPU
		{A718D660-7CFF-4874-89FC-C83CB39CF544}.Release|Any CPU.ActiveCfg = Release|Any CPU
		{A718D660-7CFF-4874-89FC-C83CB39CF544}.Release|Any CPU.Build.0 = Release|Any CPU
		{6D9243D9-8524-4EB1-BDA8-2C3F66B72C07}.Debug|Any CPU.ActiveCfg = Debug|Any CPU
		{6D9243D9-8524-4EB1-BDA8-2C3F66B72C07}.Debug|Any CPU.Build.0 = Debug|Any CPU
		{6D9243D9-8524-4EB1-BDA8-2C3F66B72C07}.Release|Any CPU.ActiveCfg = Release|Any CPU
		{6D9243D9-8524-4EB1-BDA8-2C3F66B72C07}.Release|Any CPU.Build.0 = Release|Any CPU
		{256A739E-BB0F-4FB6-9220-E86226DA59C6}.Debug|Any CPU.ActiveCfg = Debug|Any CPU
		{256A739E-BB0F-4FB6-9220-E86226DA59C6}.Debug|Any CPU.Build.0 = Debug|Any CPU
		{256A739E-BB0F-4FB6-9220-E86226DA59C6}.Release|Any CPU.ActiveCfg = Release|Any CPU
		{256A739E-BB0F-4FB6-9220-E86226DA59C6}.Release|Any CPU.Build.0 = Release|Any CPU
		{12694B67-6AC5-4ADD-A3AC-0E71D0B0AF2F}.Debug|Any CPU.ActiveCfg = Debug|Any CPU
		{12694B67-6AC5-4ADD-A3AC-0E71D0B0AF2F}.Debug|Any CPU.Build.0 = Debug|Any CPU
		{12694B67-6AC5-4ADD-A3AC-0E71D0B0AF2F}.Release|Any CPU.ActiveCfg = Release|Any CPU
		{12694B67-6AC5-4ADD-A3AC-0E71D0B0AF2F}.Release|Any CPU.Build.0 = Release|Any CPU
		{5A7630EB-9B9E-4A52-A283-E33193B2249A}.Debug|Any CPU.ActiveCfg = Debug|Any CPU
		{5A7630EB-9B9E-4A52-A283-E33193B2249A}.Debug|Any CPU.Build.0 = Debug|Any CPU
		{5A7630EB-9B9E-4A52-A283-E33193B2249A}.Release|Any CPU.ActiveCfg = Release|Any CPU
		{5A7630EB-9B9E-4A52-A283-E33193B2249A}.Release|Any CPU.Build.0 = Release|Any CPU
		{4858615A-BE4F-4096-A041-66989E3528B3}.Debug|Any CPU.ActiveCfg = Debug|Any CPU
		{4858615A-BE4F-4096-A041-66989E3528B3}.Debug|Any CPU.Build.0 = Debug|Any CPU
		{4858615A-BE4F-4096-A041-66989E3528B3}.Release|Any CPU.ActiveCfg = Release|Any CPU
		{4858615A-BE4F-4096-A041-66989E3528B3}.Release|Any CPU.Build.0 = Release|Any CPU
	EndGlobalSection
	GlobalSection(SolutionProperties) = preSolution
		HideSolutionNode = FALSE
	EndGlobalSection
	GlobalSection(ExtensibilityGlobals) = postSolution
		SolutionGuid = {563AE451-DB5F-4225-B031-9E82B480A1BE}
	EndGlobalSection
EndGlobal
